// !$*UTF8*$!
{
	archiveVersion = 1;
	classes = {
	};
	objectVersion = 46;
	objects = {

/* Begin PBXBuildFile section */
		A27381771D9C857600A62A4E /* AppDelegate.swift in Sources */ = {isa = PBXBuildFile; fileRef = A27381761D9C857600A62A4E /* AppDelegate.swift */; };
		A27381791D9C857600A62A4E /* SigninVC.swift in Sources */ = {isa = PBXBuildFile; fileRef = A27381781D9C857600A62A4E /* SigninVC.swift */; };
		A273817C1D9C857600A62A4E /* Main.storyboard in Resources */ = {isa = PBXBuildFile; fileRef = A273817A1D9C857600A62A4E /* Main.storyboard */; };
		A273817E1D9C857600A62A4E /* Assets.xcassets in Resources */ = {isa = PBXBuildFile; fileRef = A273817D1D9C857600A62A4E /* Assets.xcassets */; };
		A27381811D9C857600A62A4E /* LaunchScreen.storyboard in Resources */ = {isa = PBXBuildFile; fileRef = A273817F1D9C857600A62A4E /* LaunchScreen.storyboard */; };
		A27381891D9C85D700A62A4E /* GoogleService-Info.plist in Resources */ = {isa = PBXBuildFile; fileRef = A27381881D9C85D700A62A4E /* GoogleService-Info.plist */; };
		D2E674DBD333C4A9274DFD95 /* Pods_simpley_social.framework in Frameworks */ = {isa = PBXBuildFile; fileRef = 87B241C852D7B26BC0513099 /* Pods_simpley_social.framework */; };
/* End PBXBuildFile section */

/* Begin PBXFileReference section */
		3EE3E54234A131F8AAE9339B /* Pods-simpley_social.debug.xcconfig */ = {isa = PBXFileReference; includeInIndex = 1; lastKnownFileType = text.xcconfig; name = "Pods-simpley_social.debug.xcconfig"; path = "Pods/Target Support Files/Pods-simpley_social/Pods-simpley_social.debug.xcconfig"; sourceTree = "<group>"; };
		82D2C56A226DC1821214EAF9 /* Pods-simpley_social.release.xcconfig */ = {isa = PBXFileReference; includeInIndex = 1; lastKnownFileType = text.xcconfig; name = "Pods-simpley_social.release.xcconfig"; path = "Pods/Target Support Files/Pods-simpley_social/Pods-simpley_social.release.xcconfig"; sourceTree = "<group>"; };
		87B241C852D7B26BC0513099 /* Pods_simpley_social.framework */ = {isa = PBXFileReference; explicitFileType = wrapper.framework; includeInIndex = 0; path = Pods_simpley_social.framework; sourceTree = BUILT_PRODUCTS_DIR; };
		A27381731D9C857600A62A4E /* simpley_social.app */ = {isa = PBXFileReference; explicitFileType = wrapper.application; includeInIndex = 0; path = simpley_social.app; sourceTree = BUILT_PRODUCTS_DIR; };
		A27381761D9C857600A62A4E /* AppDelegate.swift */ = {isa = PBXFileReference; lastKnownFileType = sourcecode.swift; path = AppDelegate.swift; sourceTree = "<group>"; };
		A27381781D9C857600A62A4E /* SigninVC.swift */ = {isa = PBXFileReference; lastKnownFileType = sourcecode.swift; path = SigninVC.swift; sourceTree = "<group>"; };
		A273817B1D9C857600A62A4E /* Base */ = {isa = PBXFileReference; lastKnownFileType = file.storyboard; name = Base; path = Base.lproj/Main.storyboard; sourceTree = "<group>"; };
		A273817D1D9C857600A62A4E /* Assets.xcassets */ = {isa = PBXFileReference; lastKnownFileType = folder.assetcatalog; path = Assets.xcassets; sourceTree = "<group>"; };
		A27381801D9C857600A62A4E /* Base */ = {isa = PBXFileReference; lastKnownFileType = file.storyboard; name = Base; path = Base.lproj/LaunchScreen.storyboard; sourceTree = "<group>"; };
		A27381821D9C857600A62A4E /* Info.plist */ = {isa = PBXFileReference; lastKnownFileType = text.plist.xml; path = Info.plist; sourceTree = "<group>"; };
		A27381881D9C85D700A62A4E /* GoogleService-Info.plist */ = {isa = PBXFileReference; fileEncoding = 4; lastKnownFileType = text.plist.xml; path = "GoogleService-Info.plist"; sourceTree = "<group>"; };
/* End PBXFileReference section */

/* Begin PBXFrameworksBuildPhase section */
		A27381701D9C857600A62A4E /* Frameworks */ = {
			isa = PBXFrameworksBuildPhase;
			buildActionMask = 2147483647;
			files = (
				D2E674DBD333C4A9274DFD95 /* Pods_simpley_social.framework in Frameworks */,
			);
			runOnlyForDeploymentPostprocessing = 0;
		};
/* End PBXFrameworksBuildPhase section */

/* Begin PBXGroup section */
		49B5BEB15469755E17757833 /* Pods */ = {
			isa = PBXGroup;
			children = (
				3EE3E54234A131F8AAE9339B /* Pods-simpley_social.debug.xcconfig */,
				82D2C56A226DC1821214EAF9 /* Pods-simpley_social.release.xcconfig */,
			);
			name = Pods;
			sourceTree = "<group>";
		};
		A273816A1D9C857600A62A4E = {
			isa = PBXGroup;
			children = (
				A27381751D9C857600A62A4E /* simpley_social */,
				A27381741D9C857600A62A4E /* Products */,
				49B5BEB15469755E17757833 /* Pods */,
				CE45682CF72E9E064FD4C59F /* Frameworks */,
			);
			sourceTree = "<group>";
		};
		A27381741D9C857600A62A4E /* Products */ = {
			isa = PBXGroup;
			children = (
				A27381731D9C857600A62A4E /* simpley_social.app */,
			);
			name = Products;
			sourceTree = "<group>";
		};
		A27381751D9C857600A62A4E /* simpley_social */ = {
			isa = PBXGroup;
			children = (
				A2E9A5991D9C88F80081B104 /* Model */,
				A2E9A5981D9C88F60081B104 /* View */,
				A2E9A5971D9C88EC0081B104 /* Controller */,
				A27381761D9C857600A62A4E /* AppDelegate.swift */,
				A273817A1D9C857600A62A4E /* Main.storyboard */,
				A273817D1D9C857600A62A4E /* Assets.xcassets */,
				A273817F1D9C857600A62A4E /* LaunchScreen.storyboard */,
				A27381821D9C857600A62A4E /* Info.plist */,
				A27381881D9C85D700A62A4E /* GoogleService-Info.plist */,
			);
			path = simpley_social;
			sourceTree = "<group>";
		};
		A2E9A5971D9C88EC0081B104 /* Controller */ = {
			isa = PBXGroup;
			children = (
				A27381781D9C857600A62A4E /* SigninVC.swift */,
			);
			name = Controller;
			sourceTree = "<group>";
		};
		A2E9A5981D9C88F60081B104 /* View */ = {
			isa = PBXGroup;
			children = (
			);
			name = View;
			sourceTree = "<group>";
		};
		A2E9A5991D9C88F80081B104 /* Model */ = {
			isa = PBXGroup;
			children = (
			);
			name = Model;
			sourceTree = "<group>";
		};
		CE45682CF72E9E064FD4C59F /* Frameworks */ = {
			isa = PBXGroup;
			children = (
				87B241C852D7B26BC0513099 /* Pods_simpley_social.framework */,
			);
			name = Frameworks;
			sourceTree = "<group>";
		};
/* End PBXGroup section */

/* Begin PBXNativeTarget section */
		A27381721D9C857600A62A4E /* simpley_social */ = {
			isa = PBXNativeTarget;
			buildConfigurationList = A27381851D9C857600A62A4E /* Build configuration list for PBXNativeTarget "simpley_social" */;
			buildPhases = (
				B6933ACC429196D7B163F36C /* [CP] Check Pods Manifest.lock */,
				A273816F1D9C857600A62A4E /* Sources */,
				A27381701D9C857600A62A4E /* Frameworks */,
				A27381711D9C857600A62A4E /* Resources */,
				7DED0F6DCACEC164A4414314 /* [CP] Embed Pods Frameworks */,
				ABB4A3F37FE483D1B2F59A8A /* [CP] Copy Pods Resources */,
			);
			buildRules = (
			);
			dependencies = (
			);
			name = simpley_social;
			productName = simpley_social;
			productReference = A27381731D9C857600A62A4E /* simpley_social.app */;
			productType = "com.apple.product-type.application";
		};
/* End PBXNativeTarget section */

/* Begin PBXProject section */
		A273816B1D9C857600A62A4E /* Project object */ = {
			isa = PBXProject;
			attributes = {
				LastSwiftUpdateCheck = 0800;
				LastUpgradeCheck = 0800;
				ORGANIZATIONNAME = Pryzm;
				TargetAttributes = {
					A27381721D9C857600A62A4E = {
						CreatedOnToolsVersion = 8.0;
						DevelopmentTeam = PRQA2G3A8L;
						ProvisioningStyle = Automatic;
					};
				};
			};
			buildConfigurationList = A273816E1D9C857600A62A4E /* Build configuration list for PBXProject "simpley_social" */;
			compatibilityVersion = "Xcode 3.2";
			developmentRegion = English;
			hasScannedForEncodings = 0;
			knownRegions = (
				en,
				Base,
			);
			mainGroup = A273816A1D9C857600A62A4E;
			productRefGroup = A27381741D9C857600A62A4E /* Products */;
			projectDirPath = "";
			projectRoot = "";
			targets = (
				A27381721D9C857600A62A4E /* simpley_social */,
			);
		};
/* End PBXProject section */

/* Begin PBXResourcesBuildPhase section */
		A27381711D9C857600A62A4E /* Resources */ = {
			isa = PBXResourcesBuildPhase;
			buildActionMask = 2147483647;
			files = (
				A27381811D9C857600A62A4E /* LaunchScreen.storyboard in Resources */,
				A27381891D9C85D700A62A4E /* GoogleService-Info.plist in Resources */,
				A273817E1D9C857600A62A4E /* Assets.xcassets in Resources */,
				A273817C1D9C857600A62A4E /* Main.storyboard in Resources */,
			);
			runOnlyForDeploymentPostprocessing = 0;
		};
/* End PBXResourcesBuildPhase section */

/* Begin PBXShellScriptBuildPhase section */
		7DED0F6DCACEC164A4414314 /* [CP] Embed Pods Frameworks */ = {
			isa = PBXShellScriptBuildPhase;
			buildActionMask = 2147483647;
			files = (
			);
			inputPaths = (
			);
			name = "[CP] Embed Pods Frameworks";
			outputPaths = (
			);
			runOnlyForDeploymentPostprocessing = 0;
			shellPath = /bin/sh;
			shellScript = "\"${SRCROOT}/Pods/Target Support Files/Pods-simpley_social/Pods-simpley_social-frameworks.sh\"\n";
			showEnvVarsInLog = 0;
		};
		ABB4A3F37FE483D1B2F59A8A /* [CP] Copy Pods Resources */ = {
			isa = PBXShellScriptBuildPhase;
			buildActionMask = 2147483647;
			files = (
			);
			inputPaths = (
			);
			name = "[CP] Copy Pods Resources";
			outputPaths = (
			);
			runOnlyForDeploymentPostprocessing = 0;
			shellPath = /bin/sh;
			shellScript = "\"${SRCROOT}/Pods/Target Support Files/Pods-simpley_social/Pods-simpley_social-resources.sh\"\n";
			showEnvVarsInLog = 0;
		};
		B6933ACC429196D7B163F36C /* [CP] Check Pods Manifest.lock */ = {
			isa = PBXShellScriptBuildPhase;
			buildActionMask = 2147483647;
			files = (
			);
			inputPaths = (
			);
			name = "[CP] Check Pods Manifest.lock";
			outputPaths = (
			);
			runOnlyForDeploymentPostprocessing = 0;
			shellPath = /bin/sh;
			shellScript = "diff \"${PODS_ROOT}/../Podfile.lock\" \"${PODS_ROOT}/Manifest.lock\" > /dev/null\nif [ $? != 0 ] ; then\n    # print error to STDERR\n    echo \"error: The sandbox is not in sync with the Podfile.lock. Run 'pod install' or update your CocoaPods installation.\" >&2\n    exit 1\nfi\n";
			showEnvVarsInLog = 0;
		};
/* End PBXShellScriptBuildPhase section */

/* Begin PBXSourcesBuildPhase section */
		A273816F1D9C857600A62A4E /* Sources */ = {
			isa = PBXSourcesBuildPhase;
			buildActionMask = 2147483647;
			files = (
				A27381791D9C857600A62A4E /* SigninVC.swift in Sources */,
				A27381771D9C857600A62A4E /* AppDelegate.swift in Sources */,
			);
			runOnlyForDeploymentPostprocessing = 0;
		};
/* End PBXSourcesBuildPhase section */

/* Begin PBXVariantGroup section */
		A273817A1D9C857600A62A4E /* Main.storyboard */ = {
			isa = PBXVariantGroup;
			children = (
				A273817B1D9C857600A62A4E /* Base */,
			);
			name = Main.storyboard;
			sourceTree = "<group>";
		};
		A273817F1D9C857600A62A4E /* LaunchScreen.storyboard */ = {
			isa = PBXVariantGroup;
			children = (
				A27381801D9C857600A62A4E /* Base */,
			);
			name = LaunchScreen.storyboard;
			sourceTree = "<group>";
		};
/* End PBXVariantGroup section */

/* Begin XCBuildConfiguration section */
		A27381831D9C857600A62A4E /* Debug */ = {
			isa = XCBuildConfiguration;
			buildSettings = {
				ALWAYS_SEARCH_USER_PATHS = NO;
				CLANG_ANALYZER_NONNULL = YES;
				CLANG_CXX_LANGUAGE_STANDARD = "gnu++0x";
				CLANG_CXX_LIBRARY = "libc++";
				CLANG_ENABLE_MODULES = YES;
				CLANG_ENABLE_OBJC_ARC = YES;
				CLANG_WARN_BOOL_CONVERSION = YES;
				CLANG_WARN_CONSTANT_CONVERSION = YES;
				CLANG_WARN_DIRECT_OBJC_ISA_USAGE = YES_ERROR;
				CLANG_WARN_DOCUMENTATION_COMMENTS = YES;
				CLANG_WARN_EMPTY_BODY = YES;
				CLANG_WARN_ENUM_CONVERSION = YES;
				CLANG_WARN_INFINITE_RECURSION = YES;
				CLANG_WARN_INT_CONVERSION = YES;
				CLANG_WARN_OBJC_ROOT_CLASS = YES_ERROR;
				CLANG_WARN_SUSPICIOUS_MOVES = YES;
				CLANG_WARN_UNREACHABLE_CODE = YES;
				CLANG_WARN__DUPLICATE_METHOD_MATCH = YES;
				"CODE_SIGN_IDENTITY[sdk=iphoneos*]" = "iPhone Developer";
				COPY_PHASE_STRIP = NO;
				DEBUG_INFORMATION_FORMAT = dwarf;
				ENABLE_STRICT_OBJC_MSGSEND = YES;
				ENABLE_TESTABILITY = YES;
				GCC_C_LANGUAGE_STANDARD = gnu99;
				GCC_DYNAMIC_NO_PIC = NO;
				GCC_NO_COMMON_BLOCKS = YES;
				GCC_OPTIMIZATION_LEVEL = 0;
				GCC_PREPROCESSOR_DEFINITIONS = (
					"DEBUG=1",
					"$(inherited)",
				);
				GCC_WARN_64_TO_32_BIT_CONVERSION = YES;
				GCC_WARN_ABOUT_RETURN_TYPE = YES_ERROR;
				GCC_WARN_UNDECLARED_SELECTOR = YES;
				GCC_WARN_UNINITIALIZED_AUTOS = YES_AGGRESSIVE;
				GCC_WARN_UNUSED_FUNCTION = YES;
				GCC_WARN_UNUSED_VARIABLE = YES;
				IPHONEOS_DEPLOYMENT_TARGET = 10.0;
				MTL_ENABLE_DEBUG_INFO = YES;
				ONLY_ACTIVE_ARCH = YES;
				SDKROOT = iphoneos;
				SWIFT_ACTIVE_COMPILATION_CONDITIONS = DEBUG;
				SWIFT_OPTIMIZATION_LEVEL = "-Onone";
				TARGETED_DEVICE_FAMILY = "1,2";
			};
			name = Debug;
		};
		A27381841D9C857600A62A4E /* Release */ = {
			isa = XCBuildConfiguration;
			buildSettings = {
				ALWAYS_SEARCH_USER_PATHS = NO;
				CLANG_ANALYZER_NONNULL = YES;
				CLANG_CXX_LANGUAGE_STANDARD = "gnu++0x";
				CLANG_CXX_LIBRARY = "libc++";
				CLANG_ENABLE_MODULES = YES;
				CLANG_ENABLE_OBJC_ARC = YES;
				CLANG_WARN_BOOL_CONVERSION = YES;
				CLANG_WARN_CONSTANT_CONVERSION = YES;
				CLANG_WARN_DIRECT_OBJC_ISA_USAGE = YES_ERROR;
				CLANG_WARN_DOCUMENTATION_COMMENTS = YES;
				CLANG_WARN_EMPTY_BODY = YES;
				CLANG_WARN_ENUM_CONVERSION = YES;
				CLANG_WARN_INFINITE_RECURSION = YES;
				CLANG_WARN_INT_CONVERSION = YES;
				CLANG_WARN_OBJC_ROOT_CLASS = YES_ERROR;
				CLANG_WARN_SUSPICIOUS_MOVES = YES;
				CLANG_WARN_UNREACHABLE_CODE = YES;
				CLANG_WARN__DUPLICATE_METHOD_MATCH = YES;
				"CODE_SIGN_IDENTITY[sdk=iphoneos*]" = "iPhone Developer";
				COPY_PHASE_STRIP = NO;
				DEBUG_INFORMATION_FORMAT = "dwarf-with-dsym";
				ENABLE_NS_ASSERTIONS = NO;
				ENABLE_STRICT_OBJC_MSGSEND = YES;
				GCC_C_LANGUAGE_STANDARD = gnu99;
				GCC_NO_COMMON_BLOCKS = YES;
				GCC_WARN_64_TO_32_BIT_CONVERSION = YES;
				GCC_WARN_ABOUT_RETURN_TYPE = YES_ERROR;
				GCC_WARN_UNDECLARED_SELECTOR = YES;
				GCC_WARN_UNINITIALIZED_AUTOS = YES_AGGRESSIVE;
				GCC_WARN_UNUSED_FUNCTION = YES;
				GCC_WARN_UNUSED_VARIABLE = YES;
				IPHONEOS_DEPLOYMENT_TARGET = 10.0;
				MTL_ENABLE_DEBUG_INFO = NO;
				SDKROOT = iphoneos;
				SWIFT_OPTIMIZATION_LEVEL = "-Owholemodule";
				TARGETED_DEVICE_FAMILY = "1,2";
				VALIDATE_PRODUCT = YES;
			};
			name = Release;
		};
		A27381861D9C857600A62A4E /* Debug */ = {
			isa = XCBuildConfiguration;
			baseConfigurationReference = 3EE3E54234A131F8AAE9339B /* Pods-simpley_social.debug.xcconfig */;
			buildSettings = {
				ASSETCATALOG_COMPILER_APPICON_NAME = AppIcon;
				DEVELOPMENT_TEAM = PRQA2G3A8L;
				INFOPLIST_FILE = simpley_social/Info.plist;
				LD_RUNPATH_SEARCH_PATHS = "$(inherited) @executable_path/Frameworks";
				PRODUCT_BUNDLE_IDENTIFIER = "Pryzm.simpley-social";
				PRODUCT_NAME = "$(TARGET_NAME)";
				SWIFT_VERSION = 3.0;
			};
			name = Debug;
		};
		A27381871D9C857600A62A4E /* Release */ = {
			isa = XCBuildConfiguration;
			baseConfigurationReference = 82D2C56A226DC1821214EAF9 /* Pods-simpley_social.release.xcconfig */;
			buildSettings = {
				ASSETCATALOG_COMPILER_APPICON_NAME = AppIcon;
				DEVELOPMENT_TEAM = PRQA2G3A8L;
				INFOPLIST_FILE = simpley_social/Info.plist;
				LD_RUNPATH_SEARCH_PATHS = "$(inherited) @executable_path/Frameworks";
				PRODUCT_BUNDLE_IDENTIFIER = "Pryzm.simpley-social";
				PRODUCT_NAME = "$(TARGET_NAME)";
				SWIFT_VERSION = 3.0;
			};
			name = Release;
		};
/* End XCBuildConfiguration section */

/* Begin XCConfigurationList section */
		A273816E1D9C857600A62A4E /* Build configuration list for PBXProject "simpley_social" */ = {
			isa = XCConfigurationList;
			buildConfigurations = (
				A27381831D9C857600A62A4E /* Debug */,
				A27381841D9C857600A62A4E /* Release */,
			);
			defaultConfigurationIsVisible = 0;
			defaultConfigurationName = Release;
		};
		A27381851D9C857600A62A4E /* Build configuration list for PBXNativeTarget "simpley_social" */ = {
			isa = XCConfigurationList;
			buildConfigurations = (
				A27381861D9C857600A62A4E /* Debug */,
				A27381871D9C857600A62A4E /* Release */,
			);
			defaultConfigurationIsVisible = 0;
			defaultConfigurationName = Release;
		};
/* End XCConfigurationList section */
	};
	rootObject = A273816B1D9C857600A62A4E /* Project object */;
}
